
Microsoft Visual Studio Solution File, Format Version 12.00
# Visual Studio Version 17
VisualStudioVersion = 17.8.34330.188
MinimumVisualStudioVersion = 10.0.40219.1
Project("{FAE04EC0-301F-11D3-BF4B-00C04F79EFBC}") = "cursoInduccion.backend", "cursoInduccion.backend\cursoInduccion.backend.csproj", "{3A98D01F-C151-4145-B3BD-5DC839EA34F6}"
EndProject
Global
	GlobalSection(SolutionConfigurationPlatforms) = preSolution
		Debug|Any CPU = Debug|Any CPU
		Release|Any CPU = Release|Any CPU
	EndGlobalSection
	GlobalSection(ProjectConfigurationPlatforms) = postSolution
		{3A98D01F-C151-4145-B3BD-5DC839EA34F6}.Debug|Any CPU.ActiveCfg = Debug|Any CPU
		{3A98D01F-C151-4145-B3BD-5DC839EA34F6}.Debug|Any CPU.Build.0 = Debug|Any CPU
		{3A98D01F-C151-4145-B3BD-5DC839EA34F6}.Release|Any CPU.ActiveCfg = Release|Any CPU
		{3A98D01F-C151-4145-B3BD-5DC839EA34F6}.Release|Any CPU.Build.0 = Release|Any CPU
	EndGlobalSection
	GlobalSection(SolutionProperties) = preSolution
		HideSolutionNode = FALSE
	EndGlobalSection
	GlobalSection(ExtensibilityGlobals) = postSolution
		SolutionGuid = {059FBEAF-DEC7-44EE-8A09-19337FB72BC2}
	EndGlobalSection
EndGlobal
